
Microsoft Visual Studio Solution File, Format Version 12.00
# Visual Studio Version 16
VisualStudioVersion = 16.0.31205.134
MinimumVisualStudioVersion = 10.0.40219.1
<<<<<<< HEAD:Abgabenordner/Uebungsblatt02/Einzelabgaben/Ismail Gürsöz/Team12/Team12.sln
Project("{FAE04EC0-301F-11D3-BF4B-00C04F79EFBC}") = "Team12", "Team12.csproj", "{61BB1ABF-BF9A-47A4-A503-4E35D21B4942}"
=======
Project("{FAE04EC0-301F-11D3-BF4B-00C04F79EFBC}") = "Team12", "Team12\Team12.csproj", "{BA63C493-0E6E-4438-8B5B-9FBEEC0E13AC}"
>>>>>>> Blatt02-Huber:Abgabenordner/Uebungsblatt02/Einzelabgaben/Huber/Team12/Team12.sln
EndProject
Global
	GlobalSection(SolutionConfigurationPlatforms) = preSolution
		Debug|Any CPU = Debug|Any CPU
		Release|Any CPU = Release|Any CPU
	EndGlobalSection
	GlobalSection(ProjectConfigurationPlatforms) = postSolution
<<<<<<< HEAD:Abgabenordner/Uebungsblatt02/Einzelabgaben/Ismail Gürsöz/Team12/Team12.sln
		{61BB1ABF-BF9A-47A4-A503-4E35D21B4942}.Debug|Any CPU.ActiveCfg = Debug|Any CPU
		{61BB1ABF-BF9A-47A4-A503-4E35D21B4942}.Debug|Any CPU.Build.0 = Debug|Any CPU
		{61BB1ABF-BF9A-47A4-A503-4E35D21B4942}.Release|Any CPU.ActiveCfg = Release|Any CPU
		{61BB1ABF-BF9A-47A4-A503-4E35D21B4942}.Release|Any CPU.Build.0 = Release|Any CPU
=======
		{BA63C493-0E6E-4438-8B5B-9FBEEC0E13AC}.Debug|Any CPU.ActiveCfg = Debug|Any CPU
		{BA63C493-0E6E-4438-8B5B-9FBEEC0E13AC}.Debug|Any CPU.Build.0 = Debug|Any CPU
		{BA63C493-0E6E-4438-8B5B-9FBEEC0E13AC}.Release|Any CPU.ActiveCfg = Release|Any CPU
		{BA63C493-0E6E-4438-8B5B-9FBEEC0E13AC}.Release|Any CPU.Build.0 = Release|Any CPU
>>>>>>> Blatt02-Huber:Abgabenordner/Uebungsblatt02/Einzelabgaben/Huber/Team12/Team12.sln
	EndGlobalSection
	GlobalSection(SolutionProperties) = preSolution
		HideSolutionNode = FALSE
	EndGlobalSection
	GlobalSection(ExtensibilityGlobals) = postSolution
<<<<<<< HEAD:Abgabenordner/Uebungsblatt02/Einzelabgaben/Ismail Gürsöz/Team12/Team12.sln
		SolutionGuid = {CF5B61D4-B8C0-4499-B8C6-CDAE7DCEC9F5}
=======
		SolutionGuid = {EDF979C7-422C-4BA0-83E7-F76FC3DF7C1F}
>>>>>>> Blatt02-Huber:Abgabenordner/Uebungsblatt02/Einzelabgaben/Huber/Team12/Team12.sln
	EndGlobalSection
EndGlobal
