
Microsoft Visual Studio Solution File, Format Version 12.00
# Visual Studio Version 16
VisualStudioVersion = 16.0.31205.134
MinimumVisualStudioVersion = 10.0.40219.1
Project("{9A19103F-16F7-4668-BE54-9A1E7A4F7556}") = "Team12", "Team12.csproj", "{61BB1ABF-BF9A-47A4-A503-4E35D21B4942}"
EndProject
Project("{9A19103F-16F7-4668-BE54-9A1E7A4F7556}") = "TestProject1", "TestProject1\TestProject1.csproj", "{C3365E6F-F185-4A7A-9CA8-E95352A89DA3}"
EndProject
Global
	GlobalSection(SolutionConfigurationPlatforms) = preSolution
		Debug|Any CPU = Debug|Any CPU
		Release|Any CPU = Release|Any CPU
	EndGlobalSection
	GlobalSection(ProjectConfigurationPlatforms) = postSolution
		{61BB1ABF-BF9A-47A4-A503-4E35D21B4942}.Debug|Any CPU.ActiveCfg = Debug|Any CPU
		{61BB1ABF-BF9A-47A4-A503-4E35D21B4942}.Debug|Any CPU.Build.0 = Debug|Any CPU
		{61BB1ABF-BF9A-47A4-A503-4E35D21B4942}.Release|Any CPU.ActiveCfg = Release|Any CPU
		{61BB1ABF-BF9A-47A4-A503-4E35D21B4942}.Release|Any CPU.Build.0 = Release|Any CPU
		{C3365E6F-F185-4A7A-9CA8-E95352A89DA3}.Debug|Any CPU.ActiveCfg = Debug|Any CPU
		{C3365E6F-F185-4A7A-9CA8-E95352A89DA3}.Debug|Any CPU.Build.0 = Debug|Any CPU
		{C3365E6F-F185-4A7A-9CA8-E95352A89DA3}.Release|Any CPU.ActiveCfg = Release|Any CPU
		{C3365E6F-F185-4A7A-9CA8-E95352A89DA3}.Release|Any CPU.Build.0 = Release|Any CPU
	EndGlobalSection
	GlobalSection(SolutionProperties) = preSolution
		HideSolutionNode = FALSE
	EndGlobalSection
	GlobalSection(ExtensibilityGlobals) = postSolution
		SolutionGuid = {CF5B61D4-B8C0-4499-B8C6-CDAE7DCEC9F5}
	EndGlobalSection
EndGlobal
