
Microsoft Visual Studio Solution File, Format Version 12.00
Project("{FAE04EC0-301F-11D3-BF4B-00C04F79EFBC}") = "Team12", "Team12\Team12.csproj", "{3DFB2A1A-E05C-4BC8-B0DF-719CD7C39058}"
EndProject
Project("{FAE04EC0-301F-11D3-BF4B-00C04F79EFBC}") = "TestProject1", "TestProject1\TestProject1.csproj", "{72C6FC75-1C84-41F5-BE26-F0CA1EA88A9E}"
EndProject
Global
	GlobalSection(SolutionConfigurationPlatforms) = preSolution
		Debug|Any CPU = Debug|Any CPU
		Release|Any CPU = Release|Any CPU
	EndGlobalSection
	GlobalSection(ProjectConfigurationPlatforms) = postSolution
		{3DFB2A1A-E05C-4BC8-B0DF-719CD7C39058}.Debug|Any CPU.ActiveCfg = Debug|Any CPU
		{3DFB2A1A-E05C-4BC8-B0DF-719CD7C39058}.Debug|Any CPU.Build.0 = Debug|Any CPU
		{3DFB2A1A-E05C-4BC8-B0DF-719CD7C39058}.Release|Any CPU.ActiveCfg = Release|Any CPU
		{3DFB2A1A-E05C-4BC8-B0DF-719CD7C39058}.Release|Any CPU.Build.0 = Release|Any CPU
		{72C6FC75-1C84-41F5-BE26-F0CA1EA88A9E}.Debug|Any CPU.ActiveCfg = Debug|Any CPU
		{72C6FC75-1C84-41F5-BE26-F0CA1EA88A9E}.Debug|Any CPU.Build.0 = Debug|Any CPU
		{72C6FC75-1C84-41F5-BE26-F0CA1EA88A9E}.Release|Any CPU.ActiveCfg = Release|Any CPU
		{72C6FC75-1C84-41F5-BE26-F0CA1EA88A9E}.Release|Any CPU.Build.0 = Release|Any CPU
	EndGlobalSection
EndGlobal
